
Microsoft Visual Studio Solution File, Format Version 12.00
# Visual Studio Version 16
VisualStudioVersion = 16.0.32602.291
MinimumVisualStudioVersion = 10.0.40219.1
Project("{FAE04EC0-301F-11D3-BF4B-00C04F79EFBC}") = "codefirst", "codefirst.csproj", "{D44CA839-DB42-4946-B552-1741684E916E}"
EndProject
Global
	GlobalSection(SolutionConfigurationPlatforms) = preSolution
		Debug|Any CPU = Debug|Any CPU
		Release|Any CPU = Release|Any CPU
	EndGlobalSection
	GlobalSection(ProjectConfigurationPlatforms) = postSolution
		{D44CA839-DB42-4946-B552-1741684E916E}.Debug|Any CPU.ActiveCfg = Debug|Any CPU
		{D44CA839-DB42-4946-B552-1741684E916E}.Debug|Any CPU.Build.0 = Debug|Any CPU
		{D44CA839-DB42-4946-B552-1741684E916E}.Release|Any CPU.ActiveCfg = Release|Any CPU
		{D44CA839-DB42-4946-B552-1741684E916E}.Release|Any CPU.Build.0 = Release|Any CPU
	EndGlobalSection
	GlobalSection(SolutionProperties) = preSolution
		HideSolutionNode = FALSE
	EndGlobalSection
	GlobalSection(ExtensibilityGlobals) = postSolution
		SolutionGuid = {84C280C9-57A2-43E8-826C-E7A87026D738}
	EndGlobalSection
EndGlobal
